// !$*UTF8*$!
{
	archiveVersion = 1;
	classes = {
	};
	objectVersion = 56;
	objects = {

/* Begin PBXBuildFile section */
		D0048FCB29816AAE002F0A77 /* RMEndpoint.swift in Sources */ = {isa = PBXBuildFile; fileRef = D0048FCA29816AAE002F0A77 /* RMEndpoint.swift */; };
		D0048FCD29817538002F0A77 /* RMCharacter.swift in Sources */ = {isa = PBXBuildFile; fileRef = D0048FCC29817538002F0A77 /* RMCharacter.swift */; };
		D0048FCF29817548002F0A77 /* RMEpisode.swift in Sources */ = {isa = PBXBuildFile; fileRef = D0048FCE29817548002F0A77 /* RMEpisode.swift */; };
		D0048FD1298177E4002F0A77 /* RMOrigin.swift in Sources */ = {isa = PBXBuildFile; fileRef = D0048FD0298177E4002F0A77 /* RMOrigin.swift */; };
		D0048FD32981789F002F0A77 /* RMSingleLocation.swift in Sources */ = {isa = PBXBuildFile; fileRef = D0048FD22981789F002F0A77 /* RMSingleLocation.swift */; };
		D0048FD529817A68002F0A77 /* RMCharacterStatus.swift in Sources */ = {isa = PBXBuildFile; fileRef = D0048FD429817A68002F0A77 /* RMCharacterStatus.swift */; };
		D0048FD729818F96002F0A77 /* RMCharacterGender.swift in Sources */ = {isa = PBXBuildFile; fileRef = D0048FD629818F96002F0A77 /* RMCharacterGender.swift */; };
		D015247429956C0E001203F6 /* RMGetAllCharactersResponse.swift in Sources */ = {isa = PBXBuildFile; fileRef = D015247329956C0E001203F6 /* RMGetAllCharactersResponse.swift */; };
		D015247629965166001203F6 /* CharacterListViewViewModel.swift in Sources */ = {isa = PBXBuildFile; fileRef = D015247529965166001203F6 /* CharacterListViewViewModel.swift */; };
		D0768EBA2980108C002CA5D1 /* RMCharacterViewController.swift in Sources */ = {isa = PBXBuildFile; fileRef = D0768EB92980108C002CA5D1 /* RMCharacterViewController.swift */; };
		D0768EBC298010AF002CA5D1 /* RMEpisodeViewController.swift in Sources */ = {isa = PBXBuildFile; fileRef = D0768EBB298010AF002CA5D1 /* RMEpisodeViewController.swift */; };
		D0768EBE298010E0002CA5D1 /* RMLocationViewController.swift in Sources */ = {isa = PBXBuildFile; fileRef = D0768EBD298010E0002CA5D1 /* RMLocationViewController.swift */; };
		D0768EC029801112002CA5D1 /* RMSettingsViewController.swift in Sources */ = {isa = PBXBuildFile; fileRef = D0768EBF29801112002CA5D1 /* RMSettingsViewController.swift */; };
		D07A2A2029803E8B00A74852 /* RMService.swift in Sources */ = {isa = PBXBuildFile; fileRef = D07A2A1F29803E8B00A74852 /* RMService.swift */; };
		D07A2A2229803EBF00A74852 /* RMRequest.swift in Sources */ = {isa = PBXBuildFile; fileRef = D07A2A2129803EBF00A74852 /* RMRequest.swift */; };
		D0CEC7CF297ECE650011DBBB /* AppDelegate.swift in Sources */ = {isa = PBXBuildFile; fileRef = D0CEC7CE297ECE650011DBBB /* AppDelegate.swift */; };
		D0CEC7D1297ECE650011DBBB /* SceneDelegate.swift in Sources */ = {isa = PBXBuildFile; fileRef = D0CEC7D0297ECE650011DBBB /* SceneDelegate.swift */; };
		D0CEC7D3297ECE650011DBBB /* RMTabBarController.swift in Sources */ = {isa = PBXBuildFile; fileRef = D0CEC7D2297ECE650011DBBB /* RMTabBarController.swift */; };
		D0CEC7D8297ECE660011DBBB /* Assets.xcassets in Resources */ = {isa = PBXBuildFile; fileRef = D0CEC7D7297ECE660011DBBB /* Assets.xcassets */; };
		D0CEC7DB297ECE660011DBBB /* LaunchScreen.storyboard in Resources */ = {isa = PBXBuildFile; fileRef = D0CEC7D9297ECE660011DBBB /* LaunchScreen.storyboard */; };
		D0CEC7EA297EDA190011DBBB /* RMLocation.swift in Sources */ = {isa = PBXBuildFile; fileRef = D0CEC7E9297EDA190011DBBB /* RMLocation.swift */; };
/* End PBXBuildFile section */

/* Begin PBXFileReference section */
		D0048FCA29816AAE002F0A77 /* RMEndpoint.swift */ = {isa = PBXFileReference; lastKnownFileType = sourcecode.swift; path = RMEndpoint.swift; sourceTree = "<group>"; };
		D0048FCC29817538002F0A77 /* RMCharacter.swift */ = {isa = PBXFileReference; lastKnownFileType = sourcecode.swift; path = RMCharacter.swift; sourceTree = "<group>"; };
		D0048FCE29817548002F0A77 /* RMEpisode.swift */ = {isa = PBXFileReference; lastKnownFileType = sourcecode.swift; path = RMEpisode.swift; sourceTree = "<group>"; };
		D0048FD0298177E4002F0A77 /* RMOrigin.swift */ = {isa = PBXFileReference; lastKnownFileType = sourcecode.swift; path = RMOrigin.swift; sourceTree = "<group>"; };
		D0048FD22981789F002F0A77 /* RMSingleLocation.swift */ = {isa = PBXFileReference; lastKnownFileType = sourcecode.swift; path = RMSingleLocation.swift; sourceTree = "<group>"; };
		D0048FD429817A68002F0A77 /* RMCharacterStatus.swift */ = {isa = PBXFileReference; lastKnownFileType = sourcecode.swift; path = RMCharacterStatus.swift; sourceTree = "<group>"; };
		D0048FD629818F96002F0A77 /* RMCharacterGender.swift */ = {isa = PBXFileReference; lastKnownFileType = sourcecode.swift; path = RMCharacterGender.swift; sourceTree = "<group>"; };
		D015247329956C0E001203F6 /* RMGetAllCharactersResponse.swift */ = {isa = PBXFileReference; lastKnownFileType = sourcecode.swift; path = RMGetAllCharactersResponse.swift; sourceTree = "<group>"; };
		D015247529965166001203F6 /* CharacterListViewViewModel.swift */ = {isa = PBXFileReference; lastKnownFileType = sourcecode.swift; path = CharacterListViewViewModel.swift; sourceTree = "<group>"; };
		D0768EB92980108C002CA5D1 /* RMCharacterViewController.swift */ = {isa = PBXFileReference; lastKnownFileType = sourcecode.swift; path = RMCharacterViewController.swift; sourceTree = "<group>"; };
		D0768EBB298010AF002CA5D1 /* RMEpisodeViewController.swift */ = {isa = PBXFileReference; lastKnownFileType = sourcecode.swift; path = RMEpisodeViewController.swift; sourceTree = "<group>"; };
		D0768EBD298010E0002CA5D1 /* RMLocationViewController.swift */ = {isa = PBXFileReference; lastKnownFileType = sourcecode.swift; path = RMLocationViewController.swift; sourceTree = "<group>"; };
		D0768EBF29801112002CA5D1 /* RMSettingsViewController.swift */ = {isa = PBXFileReference; lastKnownFileType = sourcecode.swift; path = RMSettingsViewController.swift; sourceTree = "<group>"; };
		D07A2A1F29803E8B00A74852 /* RMService.swift */ = {isa = PBXFileReference; lastKnownFileType = sourcecode.swift; path = RMService.swift; sourceTree = "<group>"; };
		D07A2A2129803EBF00A74852 /* RMRequest.swift */ = {isa = PBXFileReference; lastKnownFileType = sourcecode.swift; path = RMRequest.swift; sourceTree = "<group>"; };
		D0CEC7CB297ECE650011DBBB /* RickAndMorty.app */ = {isa = PBXFileReference; explicitFileType = wrapper.application; includeInIndex = 0; path = RickAndMorty.app; sourceTree = BUILT_PRODUCTS_DIR; };
		D0CEC7CE297ECE650011DBBB /* AppDelegate.swift */ = {isa = PBXFileReference; lastKnownFileType = sourcecode.swift; path = AppDelegate.swift; sourceTree = "<group>"; };
		D0CEC7D0297ECE650011DBBB /* SceneDelegate.swift */ = {isa = PBXFileReference; lastKnownFileType = sourcecode.swift; path = SceneDelegate.swift; sourceTree = "<group>"; };
		D0CEC7D2297ECE650011DBBB /* RMTabBarController.swift */ = {isa = PBXFileReference; lastKnownFileType = sourcecode.swift; path = RMTabBarController.swift; sourceTree = "<group>"; };
		D0CEC7D7297ECE660011DBBB /* Assets.xcassets */ = {isa = PBXFileReference; lastKnownFileType = folder.assetcatalog; path = Assets.xcassets; sourceTree = "<group>"; };
		D0CEC7DA297ECE660011DBBB /* Base */ = {isa = PBXFileReference; lastKnownFileType = file.storyboard; name = Base; path = Base.lproj/LaunchScreen.storyboard; sourceTree = "<group>"; };
		D0CEC7DC297ECE660011DBBB /* Info.plist */ = {isa = PBXFileReference; lastKnownFileType = text.plist.xml; path = Info.plist; sourceTree = "<group>"; };
		D0CEC7E9297EDA190011DBBB /* RMLocation.swift */ = {isa = PBXFileReference; lastKnownFileType = sourcecode.swift; path = RMLocation.swift; sourceTree = "<group>"; };
/* End PBXFileReference section */

/* Begin PBXFrameworksBuildPhase section */
		D0CEC7C8297ECE650011DBBB /* Frameworks */ = {
			isa = PBXFrameworksBuildPhase;
			buildActionMask = 2147483647;
			files = (
			);
			runOnlyForDeploymentPostprocessing = 0;
		};
/* End PBXFrameworksBuildPhase section */

/* Begin PBXGroup section */
		D015247129956BB9001203F6 /* DataTypes */ = {
			isa = PBXGroup;
			children = (
				D0CEC7E9297EDA190011DBBB /* RMLocation.swift */,
				D0048FCC29817538002F0A77 /* RMCharacter.swift */,
				D0048FCE29817548002F0A77 /* RMEpisode.swift */,
				D0048FD0298177E4002F0A77 /* RMOrigin.swift */,
				D0048FD22981789F002F0A77 /* RMSingleLocation.swift */,
				D0048FD429817A68002F0A77 /* RMCharacterStatus.swift */,
				D0048FD629818F96002F0A77 /* RMCharacterGender.swift */,
			);
			path = DataTypes;
			sourceTree = "<group>";
		};
		D015247229956BDC001203F6 /* APIResponseTypes */ = {
			isa = PBXGroup;
			children = (
				D015247329956C0E001203F6 /* RMGetAllCharactersResponse.swift */,
			);
			path = APIResponseTypes;
			sourceTree = "<group>";
		};
		D0768EB829801024002CA5D1 /* Core */ = {
			isa = PBXGroup;
			children = (
				D0CEC7D2297ECE650011DBBB /* RMTabBarController.swift */,
				D0768EB92980108C002CA5D1 /* RMCharacterViewController.swift */,
				D0768EBD298010E0002CA5D1 /* RMLocationViewController.swift */,
				D0768EBB298010AF002CA5D1 /* RMEpisodeViewController.swift */,
				D0768EBF29801112002CA5D1 /* RMSettingsViewController.swift */,
			);
			path = Core;
			sourceTree = "<group>";
		};
		D0CEC7C2297ECE650011DBBB = {
			isa = PBXGroup;
			children = (
				D0CEC7CD297ECE650011DBBB /* RickAndMorty */,
				D0CEC7CC297ECE650011DBBB /* Products */,
			);
			sourceTree = "<group>";
		};
		D0CEC7CC297ECE650011DBBB /* Products */ = {
			isa = PBXGroup;
			children = (
				D0CEC7CB297ECE650011DBBB /* RickAndMorty.app */,
			);
			name = Products;
			sourceTree = "<group>";
		};
		D0CEC7CD297ECE650011DBBB /* RickAndMorty */ = {
			isa = PBXGroup;
			children = (
				D0CEC7E8297ED3B00011DBBB /* Resources */,
				D0CEC7E7297ED3A50011DBBB /* Managers */,
				D0CEC7E6297ED34B0011DBBB /* APIClient */,
				D0CEC7E5297ED3320011DBBB /* VIewModels */,
				D0CEC7E4297ED3260011DBBB /* Views */,
				D0CEC7E3297ED31B0011DBBB /* Models */,
				D0CEC7E2297ED3120011DBBB /* Controllers */,
				D0CEC7DC297ECE660011DBBB /* Info.plist */,
			);
			path = RickAndMorty;
			sourceTree = "<group>";
		};
		D0CEC7E2297ED3120011DBBB /* Controllers */ = {
			isa = PBXGroup;
			children = (
				D0768EB829801024002CA5D1 /* Core */,
			);
			path = Controllers;
			sourceTree = "<group>";
		};
		D0CEC7E3297ED31B0011DBBB /* Models */ = {
			isa = PBXGroup;
			children = (
				D015247229956BDC001203F6 /* APIResponseTypes */,
				D015247129956BB9001203F6 /* DataTypes */,
			);
			path = Models;
			sourceTree = "<group>";
		};
		D0CEC7E4297ED3260011DBBB /* Views */ = {
			isa = PBXGroup;
			children = (
			);
			path = Views;
			sourceTree = "<group>";
		};
		D0CEC7E5297ED3320011DBBB /* VIewModels */ = {
			isa = PBXGroup;
			children = (
				D015247529965166001203F6 /* CharacterListViewViewModel.swift */,
			);
			path = VIewModels;
			sourceTree = "<group>";
		};
		D0CEC7E6297ED34B0011DBBB /* APIClient */ = {
			isa = PBXGroup;
			children = (
				D07A2A1F29803E8B00A74852 /* RMService.swift */,
				D07A2A2129803EBF00A74852 /* RMRequest.swift */,
				D0048FCA29816AAE002F0A77 /* RMEndpoint.swift */,
			);
			path = APIClient;
			sourceTree = "<group>";
		};
		D0CEC7E7297ED3A50011DBBB /* Managers */ = {
			isa = PBXGroup;
			children = (
			);
			path = Managers;
			sourceTree = "<group>";
		};
		D0CEC7E8297ED3B00011DBBB /* Resources */ = {
			isa = PBXGroup;
			children = (
				D0CEC7CE297ECE650011DBBB /* AppDelegate.swift */,
				D0CEC7D0297ECE650011DBBB /* SceneDelegate.swift */,
				D0CEC7D7297ECE660011DBBB /* Assets.xcassets */,
				D0CEC7D9297ECE660011DBBB /* LaunchScreen.storyboard */,
			);
			path = Resources;
			sourceTree = "<group>";
		};
/* End PBXGroup section */

/* Begin PBXNativeTarget section */
		D0CEC7CA297ECE650011DBBB /* RickAndMorty */ = {
			isa = PBXNativeTarget;
			buildConfigurationList = D0CEC7DF297ECE660011DBBB /* Build configuration list for PBXNativeTarget "RickAndMorty" */;
			buildPhases = (
				D0CEC7C7297ECE650011DBBB /* Sources */,
				D0CEC7C8297ECE650011DBBB /* Frameworks */,
				D0CEC7C9297ECE650011DBBB /* Resources */,
			);
			buildRules = (
			);
			dependencies = (
			);
			name = RickAndMorty;
			productName = RickAndMorty;
			productReference = D0CEC7CB297ECE650011DBBB /* RickAndMorty.app */;
			productType = "com.apple.product-type.application";
		};
/* End PBXNativeTarget section */

/* Begin PBXProject section */
		D0CEC7C3297ECE650011DBBB /* Project object */ = {
			isa = PBXProject;
			attributes = {
				BuildIndependentTargetsInParallel = 1;
				LastSwiftUpdateCheck = 1420;
				LastUpgradeCheck = 1420;
				TargetAttributes = {
					D0CEC7CA297ECE650011DBBB = {
						CreatedOnToolsVersion = 14.2;
					};
				};
			};
			buildConfigurationList = D0CEC7C6297ECE650011DBBB /* Build configuration list for PBXProject "RickAndMorty" */;
			compatibilityVersion = "Xcode 14.0";
			developmentRegion = en;
			hasScannedForEncodings = 0;
			knownRegions = (
				en,
				Base,
			);
			mainGroup = D0CEC7C2297ECE650011DBBB;
			productRefGroup = D0CEC7CC297ECE650011DBBB /* Products */;
			projectDirPath = "";
			projectRoot = "";
			targets = (
				D0CEC7CA297ECE650011DBBB /* RickAndMorty */,
			);
		};
/* End PBXProject section */

/* Begin PBXResourcesBuildPhase section */
		D0CEC7C9297ECE650011DBBB /* Resources */ = {
			isa = PBXResourcesBuildPhase;
			buildActionMask = 2147483647;
			files = (
				D0CEC7DB297ECE660011DBBB /* LaunchScreen.storyboard in Resources */,
				D0CEC7D8297ECE660011DBBB /* Assets.xcassets in Resources */,
			);
			runOnlyForDeploymentPostprocessing = 0;
		};
/* End PBXResourcesBuildPhase section */

/* Begin PBXSourcesBuildPhase section */
		D0CEC7C7297ECE650011DBBB /* Sources */ = {
			isa = PBXSourcesBuildPhase;
			buildActionMask = 2147483647;
			files = (
				D0048FD1298177E4002F0A77 /* RMOrigin.swift in Sources */,
				D0048FD32981789F002F0A77 /* RMSingleLocation.swift in Sources */,
				D0048FD529817A68002F0A77 /* RMCharacterStatus.swift in Sources */,
				D0048FD729818F96002F0A77 /* RMCharacterGender.swift in Sources */,
				D0048FCD29817538002F0A77 /* RMCharacter.swift in Sources */,
				D0768EC029801112002CA5D1 /* RMSettingsViewController.swift in Sources */,
				D0768EBA2980108C002CA5D1 /* RMCharacterViewController.swift in Sources */,
				D0048FCB29816AAE002F0A77 /* RMEndpoint.swift in Sources */,
				D07A2A2229803EBF00A74852 /* RMRequest.swift in Sources */,
				D0CEC7D3297ECE650011DBBB /* RMTabBarController.swift in Sources */,
				D0048FCF29817548002F0A77 /* RMEpisode.swift in Sources */,
				D0768EBE298010E0002CA5D1 /* RMLocationViewController.swift in Sources */,
				D015247429956C0E001203F6 /* RMGetAllCharactersResponse.swift in Sources */,
				D0CEC7CF297ECE650011DBBB /* AppDelegate.swift in Sources */,
				D0768EBC298010AF002CA5D1 /* RMEpisodeViewController.swift in Sources */,
				D0CEC7D1297ECE650011DBBB /* SceneDelegate.swift in Sources */,
				D0CEC7EA297EDA190011DBBB /* RMLocation.swift in Sources */,
				D015247629965166001203F6 /* CharacterListViewViewModel.swift in Sources */,
				D07A2A2029803E8B00A74852 /* RMService.swift in Sources */,
			);
			runOnlyForDeploymentPostprocessing = 0;
		};
/* End PBXSourcesBuildPhase section */

/* Begin PBXVariantGroup section */
		D0CEC7D9297ECE660011DBBB /* LaunchScreen.storyboard */ = {
			isa = PBXVariantGroup;
			children = (
				D0CEC7DA297ECE660011DBBB /* Base */,
			);
			name = LaunchScreen.storyboard;
			sourceTree = "<group>";
		};
/* End PBXVariantGroup section */

/* Begin XCBuildConfiguration section */
		D0CEC7DD297ECE660011DBBB /* Debug */ = {
			isa = XCBuildConfiguration;
			buildSettings = {
				ALWAYS_SEARCH_USER_PATHS = NO;
				CLANG_ANALYZER_NONNULL = YES;
				CLANG_ANALYZER_NUMBER_OBJECT_CONVERSION = YES_AGGRESSIVE;
				CLANG_CXX_LANGUAGE_STANDARD = "gnu++20";
				CLANG_ENABLE_MODULES = YES;
				CLANG_ENABLE_OBJC_ARC = YES;
				CLANG_ENABLE_OBJC_WEAK = YES;
				CLANG_WARN_BLOCK_CAPTURE_AUTORELEASING = YES;
				CLANG_WARN_BOOL_CONVERSION = YES;
				CLANG_WARN_COMMA = YES;
				CLANG_WARN_CONSTANT_CONVERSION = YES;
				CLANG_WARN_DEPRECATED_OBJC_IMPLEMENTATIONS = YES;
				CLANG_WARN_DIRECT_OBJC_ISA_USAGE = YES_ERROR;
				CLANG_WARN_DOCUMENTATION_COMMENTS = YES;
				CLANG_WARN_EMPTY_BODY = YES;
				CLANG_WARN_ENUM_CONVERSION = YES;
				CLANG_WARN_INFINITE_RECURSION = YES;
				CLANG_WARN_INT_CONVERSION = YES;
				CLANG_WARN_NON_LITERAL_NULL_CONVERSION = YES;
				CLANG_WARN_OBJC_IMPLICIT_RETAIN_SELF = YES;
				CLANG_WARN_OBJC_LITERAL_CONVERSION = YES;
				CLANG_WARN_OBJC_ROOT_CLASS = YES_ERROR;
				CLANG_WARN_QUOTED_INCLUDE_IN_FRAMEWORK_HEADER = YES;
				CLANG_WARN_RANGE_LOOP_ANALYSIS = YES;
				CLANG_WARN_STRICT_PROTOTYPES = YES;
				CLANG_WARN_SUSPICIOUS_MOVE = YES;
				CLANG_WARN_UNGUARDED_AVAILABILITY = YES_AGGRESSIVE;
				CLANG_WARN_UNREACHABLE_CODE = YES;
				CLANG_WARN__DUPLICATE_METHOD_MATCH = YES;
				COPY_PHASE_STRIP = NO;
				DEBUG_INFORMATION_FORMAT = dwarf;
				ENABLE_STRICT_OBJC_MSGSEND = YES;
				ENABLE_TESTABILITY = YES;
				GCC_C_LANGUAGE_STANDARD = gnu11;
				GCC_DYNAMIC_NO_PIC = NO;
				GCC_NO_COMMON_BLOCKS = YES;
				GCC_OPTIMIZATION_LEVEL = 0;
				GCC_PREPROCESSOR_DEFINITIONS = (
					"DEBUG=1",
					"$(inherited)",
				);
				GCC_WARN_64_TO_32_BIT_CONVERSION = YES;
				GCC_WARN_ABOUT_RETURN_TYPE = YES_ERROR;
				GCC_WARN_UNDECLARED_SELECTOR = YES;
				GCC_WARN_UNINITIALIZED_AUTOS = YES_AGGRESSIVE;
				GCC_WARN_UNUSED_FUNCTION = YES;
				GCC_WARN_UNUSED_VARIABLE = YES;
				IPHONEOS_DEPLOYMENT_TARGET = 16.2;
				MTL_ENABLE_DEBUG_INFO = INCLUDE_SOURCE;
				MTL_FAST_MATH = YES;
				ONLY_ACTIVE_ARCH = YES;
				SDKROOT = iphoneos;
				SWIFT_ACTIVE_COMPILATION_CONDITIONS = DEBUG;
				SWIFT_OPTIMIZATION_LEVEL = "-Onone";
			};
			name = Debug;
		};
		D0CEC7DE297ECE660011DBBB /* Release */ = {
			isa = XCBuildConfiguration;
			buildSettings = {
				ALWAYS_SEARCH_USER_PATHS = NO;
				CLANG_ANALYZER_NONNULL = YES;
				CLANG_ANALYZER_NUMBER_OBJECT_CONVERSION = YES_AGGRESSIVE;
				CLANG_CXX_LANGUAGE_STANDARD = "gnu++20";
				CLANG_ENABLE_MODULES = YES;
				CLANG_ENABLE_OBJC_ARC = YES;
				CLANG_ENABLE_OBJC_WEAK = YES;
				CLANG_WARN_BLOCK_CAPTURE_AUTORELEASING = YES;
				CLANG_WARN_BOOL_CONVERSION = YES;
				CLANG_WARN_COMMA = YES;
				CLANG_WARN_CONSTANT_CONVERSION = YES;
				CLANG_WARN_DEPRECATED_OBJC_IMPLEMENTATIONS = YES;
				CLANG_WARN_DIRECT_OBJC_ISA_USAGE = YES_ERROR;
				CLANG_WARN_DOCUMENTATION_COMMENTS = YES;
				CLANG_WARN_EMPTY_BODY = YES;
				CLANG_WARN_ENUM_CONVERSION = YES;
				CLANG_WARN_INFINITE_RECURSION = YES;
				CLANG_WARN_INT_CONVERSION = YES;
				CLANG_WARN_NON_LITERAL_NULL_CONVERSION = YES;
				CLANG_WARN_OBJC_IMPLICIT_RETAIN_SELF = YES;
				CLANG_WARN_OBJC_LITERAL_CONVERSION = YES;
				CLANG_WARN_OBJC_ROOT_CLASS = YES_ERROR;
				CLANG_WARN_QUOTED_INCLUDE_IN_FRAMEWORK_HEADER = YES;
				CLANG_WARN_RANGE_LOOP_ANALYSIS = YES;
				CLANG_WARN_STRICT_PROTOTYPES = YES;
				CLANG_WARN_SUSPICIOUS_MOVE = YES;
				CLANG_WARN_UNGUARDED_AVAILABILITY = YES_AGGRESSIVE;
				CLANG_WARN_UNREACHABLE_CODE = YES;
				CLANG_WARN__DUPLICATE_METHOD_MATCH = YES;
				COPY_PHASE_STRIP = NO;
				DEBUG_INFORMATION_FORMAT = "dwarf-with-dsym";
				ENABLE_NS_ASSERTIONS = NO;
				ENABLE_STRICT_OBJC_MSGSEND = YES;
				GCC_C_LANGUAGE_STANDARD = gnu11;
				GCC_NO_COMMON_BLOCKS = YES;
				GCC_WARN_64_TO_32_BIT_CONVERSION = YES;
				GCC_WARN_ABOUT_RETURN_TYPE = YES_ERROR;
				GCC_WARN_UNDECLARED_SELECTOR = YES;
				GCC_WARN_UNINITIALIZED_AUTOS = YES_AGGRESSIVE;
				GCC_WARN_UNUSED_FUNCTION = YES;
				GCC_WARN_UNUSED_VARIABLE = YES;
				IPHONEOS_DEPLOYMENT_TARGET = 16.2;
				MTL_ENABLE_DEBUG_INFO = NO;
				MTL_FAST_MATH = YES;
				SDKROOT = iphoneos;
				SWIFT_COMPILATION_MODE = wholemodule;
				SWIFT_OPTIMIZATION_LEVEL = "-O";
				VALIDATE_PRODUCT = YES;
			};
			name = Release;
		};
		D0CEC7E0297ECE660011DBBB /* Debug */ = {
			isa = XCBuildConfiguration;
			buildSettings = {
				ASSETCATALOG_COMPILER_APPICON_NAME = AppIcon;
				ASSETCATALOG_COMPILER_GLOBAL_ACCENT_COLOR_NAME = AccentColor;
				CODE_SIGN_STYLE = Automatic;
				CURRENT_PROJECT_VERSION = 1;
				DEVELOPMENT_TEAM = GHRWK526R5;
				GENERATE_INFOPLIST_FILE = YES;
				INFOPLIST_FILE = RickAndMorty/Info.plist;
				INFOPLIST_KEY_UIApplicationSupportsIndirectInputEvents = YES;
				INFOPLIST_KEY_UILaunchStoryboardName = LaunchScreen;
				INFOPLIST_KEY_UISupportedInterfaceOrientations_iPad = "UIInterfaceOrientationPortrait UIInterfaceOrientationPortraitUpsideDown UIInterfaceOrientationLandscapeLeft UIInterfaceOrientationLandscapeRight";
				INFOPLIST_KEY_UISupportedInterfaceOrientations_iPhone = "UIInterfaceOrientationPortrait UIInterfaceOrientationLandscapeLeft UIInterfaceOrientationLandscapeRight";
				LD_RUNPATH_SEARCH_PATHS = (
					"$(inherited)",
					"@executable_path/Frameworks",
				);
				MARKETING_VERSION = 1.0;
				PRODUCT_BUNDLE_IDENTIFIER = My.RickAndMorty;
				PRODUCT_NAME = "$(TARGET_NAME)";
				SWIFT_EMIT_LOC_STRINGS = YES;
				SWIFT_VERSION = 5.0;
				TARGETED_DEVICE_FAMILY = "1,2";
			};
			name = Debug;
		};
		D0CEC7E1297ECE660011DBBB /* Release */ = {
			isa = XCBuildConfiguration;
			buildSettings = {
				ASSETCATALOG_COMPILER_APPICON_NAME = AppIcon;
				ASSETCATALOG_COMPILER_GLOBAL_ACCENT_COLOR_NAME = AccentColor;
				CODE_SIGN_STYLE = Automatic;
				CURRENT_PROJECT_VERSION = 1;
				DEVELOPMENT_TEAM = GHRWK526R5;
				GENERATE_INFOPLIST_FILE = YES;
				INFOPLIST_FILE = RickAndMorty/Info.plist;
				INFOPLIST_KEY_UIApplicationSupportsIndirectInputEvents = YES;
				INFOPLIST_KEY_UILaunchStoryboardName = LaunchScreen;
				INFOPLIST_KEY_UISupportedInterfaceOrientations_iPad = "UIInterfaceOrientationPortrait UIInterfaceOrientationPortraitUpsideDown UIInterfaceOrientationLandscapeLeft UIInterfaceOrientationLandscapeRight";
				INFOPLIST_KEY_UISupportedInterfaceOrientations_iPhone = "UIInterfaceOrientationPortrait UIInterfaceOrientationLandscapeLeft UIInterfaceOrientationLandscapeRight";
				LD_RUNPATH_SEARCH_PATHS = (
					"$(inherited)",
					"@executable_path/Frameworks",
				);
				MARKETING_VERSION = 1.0;
				PRODUCT_BUNDLE_IDENTIFIER = My.RickAndMorty;
				PRODUCT_NAME = "$(TARGET_NAME)";
				SWIFT_EMIT_LOC_STRINGS = YES;
				SWIFT_VERSION = 5.0;
				TARGETED_DEVICE_FAMILY = "1,2";
			};
			name = Release;
		};
/* End XCBuildConfiguration section */

/* Begin XCConfigurationList section */
		D0CEC7C6297ECE650011DBBB /* Build configuration list for PBXProject "RickAndMorty" */ = {
			isa = XCConfigurationList;
			buildConfigurations = (
				D0CEC7DD297ECE660011DBBB /* Debug */,
				D0CEC7DE297ECE660011DBBB /* Release */,
			);
			defaultConfigurationIsVisible = 0;
			defaultConfigurationName = Release;
		};
		D0CEC7DF297ECE660011DBBB /* Build configuration list for PBXNativeTarget "RickAndMorty" */ = {
			isa = XCConfigurationList;
			buildConfigurations = (
				D0CEC7E0297ECE660011DBBB /* Debug */,
				D0CEC7E1297ECE660011DBBB /* Release */,
			);
			defaultConfigurationIsVisible = 0;
			defaultConfigurationName = Release;
		};
/* End XCConfigurationList section */
	};
	rootObject = D0CEC7C3297ECE650011DBBB /* Project object */;
}
